
Microsoft Visual Studio Solution File, Format Version 12.00
# Visual Studio Version 16
VisualStudioVersion = 16.0.28803.202
MinimumVisualStudioVersion = 15.0.26124.0
Project("{9A19103F-16F7-4668-BE54-9A1E7A4F7556}") = "CustomerApi", "CustomerApi\CustomerApi.csproj", "{579C63B2-6386-4AA2-A114-9A870C7261DB}"
EndProject
Project("{FAE04EC0-301F-11D3-BF4B-00C04F79EFBC}") = "CustomerApiTests", "CustomerApiTests\CustomerApiTests.csproj", "{3B43476D-BFA6-4CF5-8649-4945BA84CFE9}"
EndProject
Global
	GlobalSection(SolutionConfigurationPlatforms) = preSolution
		Debug|Any CPU = Debug|Any CPU
		Debug|x64 = Debug|x64
		Debug|x86 = Debug|x86
		Release|Any CPU = Release|Any CPU
		Release|x64 = Release|x64
		Release|x86 = Release|x86
	EndGlobalSection
	GlobalSection(ProjectConfigurationPlatforms) = postSolution
		{579C63B2-6386-4AA2-A114-9A870C7261DB}.Debug|Any CPU.ActiveCfg = Debug|Any CPU
		{579C63B2-6386-4AA2-A114-9A870C7261DB}.Debug|Any CPU.Build.0 = Debug|Any CPU
		{579C63B2-6386-4AA2-A114-9A870C7261DB}.Debug|x64.ActiveCfg = Debug|Any CPU
		{579C63B2-6386-4AA2-A114-9A870C7261DB}.Debug|x64.Build.0 = Debug|Any CPU
		{579C63B2-6386-4AA2-A114-9A870C7261DB}.Debug|x86.ActiveCfg = Debug|Any CPU
		{579C63B2-6386-4AA2-A114-9A870C7261DB}.Debug|x86.Build.0 = Debug|Any CPU
		{579C63B2-6386-4AA2-A114-9A870C7261DB}.Release|Any CPU.ActiveCfg = Release|Any CPU
		{579C63B2-6386-4AA2-A114-9A870C7261DB}.Release|Any CPU.Build.0 = Release|Any CPU
		{579C63B2-6386-4AA2-A114-9A870C7261DB}.Release|x64.ActiveCfg = Release|Any CPU
		{579C63B2-6386-4AA2-A114-9A870C7261DB}.Release|x64.Build.0 = Release|Any CPU
		{579C63B2-6386-4AA2-A114-9A870C7261DB}.Release|x86.ActiveCfg = Release|Any CPU
		{579C63B2-6386-4AA2-A114-9A870C7261DB}.Release|x86.Build.0 = Release|Any CPU
		{3B43476D-BFA6-4CF5-8649-4945BA84CFE9}.Debug|Any CPU.ActiveCfg = Debug|Any CPU
		{3B43476D-BFA6-4CF5-8649-4945BA84CFE9}.Debug|Any CPU.Build.0 = Debug|Any CPU
		{3B43476D-BFA6-4CF5-8649-4945BA84CFE9}.Debug|x64.ActiveCfg = Debug|Any CPU
		{3B43476D-BFA6-4CF5-8649-4945BA84CFE9}.Debug|x64.Build.0 = Debug|Any CPU
		{3B43476D-BFA6-4CF5-8649-4945BA84CFE9}.Debug|x86.ActiveCfg = Debug|Any CPU
		{3B43476D-BFA6-4CF5-8649-4945BA84CFE9}.Debug|x86.Build.0 = Debug|Any CPU
		{3B43476D-BFA6-4CF5-8649-4945BA84CFE9}.Release|Any CPU.ActiveCfg = Release|Any CPU
		{3B43476D-BFA6-4CF5-8649-4945BA84CFE9}.Release|Any CPU.Build.0 = Release|Any CPU
		{3B43476D-BFA6-4CF5-8649-4945BA84CFE9}.Release|x64.ActiveCfg = Release|Any CPU
		{3B43476D-BFA6-4CF5-8649-4945BA84CFE9}.Release|x64.Build.0 = Release|Any CPU
		{3B43476D-BFA6-4CF5-8649-4945BA84CFE9}.Release|x86.ActiveCfg = Release|Any CPU
		{3B43476D-BFA6-4CF5-8649-4945BA84CFE9}.Release|x86.Build.0 = Release|Any CPU
	EndGlobalSection
	GlobalSection(SolutionProperties) = preSolution
		HideSolutionNode = FALSE
	EndGlobalSection
	GlobalSection(ExtensibilityGlobals) = postSolution
		SolutionGuid = {121C22C5-1999-4B18-B07E-9EEAFD66D741}
	EndGlobalSection
EndGlobal
